
Microsoft Visual Studio Solution File, Format Version 12.00
# Visual Studio Version 17
VisualStudioVersion = 17.9.34728.123
MinimumVisualStudioVersion = 10.0.40219.1
Project("{FAE04EC0-301F-11D3-BF4B-00C04F79EFBC}") = "Proyecto1Pro", "Proyecto1Pro\Proyecto1Pro.csproj", "{4CE203AA-021C-4EEC-93E2-219C87436A76}"
EndProject
Global
	GlobalSection(SolutionConfigurationPlatforms) = preSolution
		Debug|Any CPU = Debug|Any CPU
		Release|Any CPU = Release|Any CPU
	EndGlobalSection
	GlobalSection(ProjectConfigurationPlatforms) = postSolution
		{4CE203AA-021C-4EEC-93E2-219C87436A76}.Debug|Any CPU.ActiveCfg = Debug|Any CPU
		{4CE203AA-021C-4EEC-93E2-219C87436A76}.Debug|Any CPU.Build.0 = Debug|Any CPU
		{4CE203AA-021C-4EEC-93E2-219C87436A76}.Release|Any CPU.ActiveCfg = Release|Any CPU
		{4CE203AA-021C-4EEC-93E2-219C87436A76}.Release|Any CPU.Build.0 = Release|Any CPU
	EndGlobalSection
	GlobalSection(SolutionProperties) = preSolution
		HideSolutionNode = FALSE
	EndGlobalSection
	GlobalSection(ExtensibilityGlobals) = postSolution
		SolutionGuid = {F3B8C81B-EAE6-4095-8C93-74BCF7E02057}
	EndGlobalSection
EndGlobal
